{
  "name": "tim-demo",
  "version": "1.0.0",
  "lockfileVersion": 3,
  "requires": true,
  "packages": {
    "": {
      "name": "tim-demo",
      "version": "1.0.0",
      "dependencies": {
        "@tencentcloud/chat": "^3.3.5"
      }
    },
    "node_modules/@tencentcloud/chat": {
      "version": "3.6.6",
      "resolved": "https://registry.npmjs.org/@tencentcloud/chat/-/chat-3.6.6.tgz",
      "integrity": "sha512-PYPGUoZHw3GjDgM0N72qr0K/Wjp28HAoGaND077sbUQEwYFaMjZ1tuBQZugFG6v8OS8Ihx71yqNshR3xDHvYaA==",
      "license": "ISC"
    }
  }
}
